// !$*UTF8*$!
{
	archiveVersion = 1;
	classes = {
	};
	objectVersion = 46;
	objects = {

/* Begin PBXBuildFile section */
		8005972F1449F24100302B9B /* nectec_logo.jpg in Resources */ = {isa = PBXBuildFile; fileRef = 8005972E1449F24100302B9B /* nectec_logo.jpg */; };
		800597331449F43C00302B9B /* Currency.m in Sources */ = {isa = PBXBuildFile; fileRef = 800597311449F43C00302B9B /* Currency.m */; };
		800597341449F43C00302B9B /* Currency.xib in Resources */ = {isa = PBXBuildFile; fileRef = 800597321449F43C00302B9B /* Currency.xib */; };
		800E1610144F279F00571CBD /* libsqlite3.0.dylib in Frameworks */ = {isa = PBXBuildFile; fileRef = 800E160F144F279F00571CBD /* libsqlite3.0.dylib */; };
		800E1613144F27CF00571CBD /* Passport.m in Sources */ = {isa = PBXBuildFile; fileRef = 800E1612144F27CF00571CBD /* Passport.m */; };
		800E161C144F2EEB00571CBD /* Passport_view.m in Sources */ = {isa = PBXBuildFile; fileRef = 800E161A144F2EEB00571CBD /* Passport_view.m */; };
		800E161D144F2EEB00571CBD /* Passport_view.xib in Resources */ = {isa = PBXBuildFile; fileRef = 800E161B144F2EEB00571CBD /* Passport_view.xib */; };
		804078371448B49B006F8A40 /* About.m in Sources */ = {isa = PBXBuildFile; fileRef = 804078351448B49B006F8A40 /* About.m */; };
		804078381448B49B006F8A40 /* About.xib in Resources */ = {isa = PBXBuildFile; fileRef = 804078361448B49B006F8A40 /* About.xib */; };
		804A3C2214488624002FCEDC /* Tips.m in Sources */ = {isa = PBXBuildFile; fileRef = 804A3C2014488624002FCEDC /* Tips.m */; };
		804A3C2314488624002FCEDC /* Tips.xib in Resources */ = {isa = PBXBuildFile; fileRef = 804A3C2114488624002FCEDC /* Tips.xib */; };
		804C742B1449855600251269 /* flight.png in Resources */ = {isa = PBXBuildFile; fileRef = 804C74231449855600251269 /* flight.png */; };
		804C742C1449855600251269 /* flight@2x.png in Resources */ = {isa = PBXBuildFile; fileRef = 804C74241449855600251269 /* flight@2x.png */; };
		804C742D1449855600251269 /* more.png in Resources */ = {isa = PBXBuildFile; fileRef = 804C74251449855600251269 /* more.png */; };
		804C742E1449855600251269 /* more@2x.png in Resources */ = {isa = PBXBuildFile; fileRef = 804C74261449855600251269 /* more@2x.png */; };
		804C742F1449855600251269 /* passport.png in Resources */ = {isa = PBXBuildFile; fileRef = 804C74271449855600251269 /* passport.png */; };
		804C74301449855600251269 /* passport@2x.png in Resources */ = {isa = PBXBuildFile; fileRef = 804C74281449855600251269 /* passport@2x.png */; };
		804C74311449855600251269 /* tips.png in Resources */ = {isa = PBXBuildFile; fileRef = 804C74291449855600251269 /* tips.png */; };
		804C74321449855600251269 /* tips@2x.png in Resources */ = {isa = PBXBuildFile; fileRef = 804C742A1449855600251269 /* tips@2x.png */; };
		804C743B14498FFE00251269 /* More.m in Sources */ = {isa = PBXBuildFile; fileRef = 804C743914498FFE00251269 /* More.m */; };
		804C743C14498FFE00251269 /* More.xib in Resources */ = {isa = PBXBuildFile; fileRef = 804C743A14498FFE00251269 /* More.xib */; };
		8052A86F1468340300254242 /* SystemConfiguration.framework in Frameworks */ = {isa = PBXBuildFile; fileRef = 8052A86E1468340300254242 /* SystemConfiguration.framework */; };
		8052A8731468347200254242 /* Reachability.m in Sources */ = {isa = PBXBuildFile; fileRef = 8052A8721468347200254242 /* Reachability.m */; };
		807E752D146D9C8A00925C70 /* KeunKruang.db in Resources */ = {isa = PBXBuildFile; fileRef = 807E752C146D9C8A00925C70 /* KeunKruang.db */; };
		807F2FB2144A033D008EF06A /* Weather.m in Sources */ = {isa = PBXBuildFile; fileRef = 807F2FB0144A033D008EF06A /* Weather.m */; };
		807F2FB3144A033D008EF06A /* Weather.xib in Resources */ = {isa = PBXBuildFile; fileRef = 807F2FB1144A033D008EF06A /* Weather.xib */; };
		809A63AD144984EA006AFFFB /* pouhnmk_logo_white.png in Resources */ = {isa = PBXBuildFile; fileRef = 809A63AB144984EA006AFFFB /* pouhnmk_logo_white.png */; };
		80C06AB61448ABFE00169599 /* image1.jpg in Resources */ = {isa = PBXBuildFile; fileRef = 80C06AB11448ABFE00169599 /* image1.jpg */; };
		80C06AB71448ABFE00169599 /* image2.jpg in Resources */ = {isa = PBXBuildFile; fileRef = 80C06AB21448ABFE00169599 /* image2.jpg */; };
		80C06AB81448ABFE00169599 /* image3.jpg in Resources */ = {isa = PBXBuildFile; fileRef = 80C06AB31448ABFE00169599 /* image3.jpg */; };
		80C06AB91448ABFE00169599 /* image4.jpg in Resources */ = {isa = PBXBuildFile; fileRef = 80C06AB41448ABFE00169599 /* image4.jpg */; };
		80C06ABA1448ABFE00169599 /* image5.jpg in Resources */ = {isa = PBXBuildFile; fileRef = 80C06AB51448ABFE00169599 /* image5.jpg */; };
		80C06ABD1448AC7600169599 /* UIKit.framework in Frameworks */ = {isa = PBXBuildFile; fileRef = 80C06ABC1448AC7600169599 /* UIKit.framework */; };
		80C06ABF1448AC7C00169599 /* Foundation.framework in Frameworks */ = {isa = PBXBuildFile; fileRef = 80C06ABE1448AC7C00169599 /* Foundation.framework */; };
		80C06AC11448AC8200169599 /* CoreGraphics.framework in Frameworks */ = {isa = PBXBuildFile; fileRef = 80C06AC01448AC8200169599 /* CoreGraphics.framework */; };
		80F2A0B9143EB3BA007D0D79 /* InfoPlist.strings in Resources */ = {isa = PBXBuildFile; fileRef = 80F2A0B7143EB3BA007D0D79 /* InfoPlist.strings */; };
		80F2A0BB143EB3BA007D0D79 /* main.m in Sources */ = {isa = PBXBuildFile; fileRef = 80F2A0BA143EB3BA007D0D79 /* main.m */; };
		80F2A0BF143EB3BA007D0D79 /* KeunKruangAppDelegate.m in Sources */ = {isa = PBXBuildFile; fileRef = 80F2A0BE143EB3BA007D0D79 /* KeunKruangAppDelegate.m */; };
		80F2A0C2143EB3BA007D0D79 /* MainWindow.xib in Resources */ = {isa = PBXBuildFile; fileRef = 80F2A0C0143EB3BA007D0D79 /* MainWindow.xib */; };
		80F2A0D9143EB410007D0D79 /* bg.png in Resources */ = {isa = PBXBuildFile; fileRef = 80F2A0D5143EB410007D0D79 /* bg.png */; };
		80F2A0DA143EB410007D0D79 /* bg.pxm in Resources */ = {isa = PBXBuildFile; fileRef = 80F2A0D6143EB410007D0D79 /* bg.pxm */; };
		80F2A0DB143EB410007D0D79 /* bg@2x.png in Resources */ = {isa = PBXBuildFile; fileRef = 80F2A0D7143EB410007D0D79 /* bg@2x.png */; };
		80F2A0DC143EB410007D0D79 /* bg@2x.pxm in Resources */ = {isa = PBXBuildFile; fileRef = 80F2A0D8143EB410007D0D79 /* bg@2x.pxm */; };
		80F2A0DE143EB421007D0D79 /* Default.png in Resources */ = {isa = PBXBuildFile; fileRef = 80F2A0DD143EB421007D0D79 /* Default.png */; };
		80F2A0E0143EB428007D0D79 /* Default@2x.png in Resources */ = {isa = PBXBuildFile; fileRef = 80F2A0DF143EB428007D0D79 /* Default@2x.png */; };
/* End PBXBuildFile section */

/* Begin PBXFileReference section */
		8005972E1449F24100302B9B /* nectec_logo.jpg */ = {isa = PBXFileReference; lastKnownFileType = image.jpeg; path = nectec_logo.jpg; sourceTree = "<group>"; };
		800597301449F43C00302B9B /* Currency.h */ = {isa = PBXFileReference; fileEncoding = 4; lastKnownFileType = sourcecode.c.h; path = Currency.h; sourceTree = "<group>"; };
		800597311449F43C00302B9B /* Currency.m */ = {isa = PBXFileReference; fileEncoding = 4; lastKnownFileType = sourcecode.c.objc; path = Currency.m; sourceTree = "<group>"; };
		800597321449F43C00302B9B /* Currency.xib */ = {isa = PBXFileReference; fileEncoding = 4; lastKnownFileType = file.xib; path = Currency.xib; sourceTree = "<group>"; };
		800E160F144F279F00571CBD /* libsqlite3.0.dylib */ = {isa = PBXFileReference; lastKnownFileType = "compiled.mach-o.dylib"; name = libsqlite3.0.dylib; path = usr/lib/libsqlite3.0.dylib; sourceTree = SDKROOT; };
		800E1611144F27CF00571CBD /* Passport.h */ = {isa = PBXFileReference; fileEncoding = 4; lastKnownFileType = sourcecode.c.h; path = Passport.h; sourceTree = "<group>"; };
		800E1612144F27CF00571CBD /* Passport.m */ = {isa = PBXFileReference; fileEncoding = 4; lastKnownFileType = sourcecode.c.objc; path = Passport.m; sourceTree = "<group>"; };
		800E1619144F2EEB00571CBD /* Passport_view.h */ = {isa = PBXFileReference; fileEncoding = 4; lastKnownFileType = sourcecode.c.h; path = Passport_view.h; sourceTree = "<group>"; };
		800E161A144F2EEB00571CBD /* Passport_view.m */ = {isa = PBXFileReference; fileEncoding = 4; lastKnownFileType = sourcecode.c.objc; path = Passport_view.m; sourceTree = "<group>"; };
		800E161B144F2EEB00571CBD /* Passport_view.xib */ = {isa = PBXFileReference; fileEncoding = 4; lastKnownFileType = file.xib; path = Passport_view.xib; sourceTree = "<group>"; };
		804078341448B49B006F8A40 /* About.h */ = {isa = PBXFileReference; fileEncoding = 4; lastKnownFileType = sourcecode.c.h; path = About.h; sourceTree = "<group>"; };
		804078351448B49B006F8A40 /* About.m */ = {isa = PBXFileReference; fileEncoding = 4; lastKnownFileType = sourcecode.c.objc; path = About.m; sourceTree = "<group>"; };
		804078361448B49B006F8A40 /* About.xib */ = {isa = PBXFileReference; fileEncoding = 4; lastKnownFileType = file.xib; path = About.xib; sourceTree = "<group>"; };
		804A3C1F14488624002FCEDC /* Tips.h */ = {isa = PBXFileReference; fileEncoding = 4; lastKnownFileType = sourcecode.c.h; path = Tips.h; sourceTree = "<group>"; };
		804A3C2014488624002FCEDC /* Tips.m */ = {isa = PBXFileReference; fileEncoding = 4; lastKnownFileType = sourcecode.c.objc; path = Tips.m; sourceTree = "<group>"; };
		804A3C2114488624002FCEDC /* Tips.xib */ = {isa = PBXFileReference; fileEncoding = 4; lastKnownFileType = file.xib; path = Tips.xib; sourceTree = "<group>"; };
		804C74231449855600251269 /* flight.png */ = {isa = PBXFileReference; lastKnownFileType = image.png; path = flight.png; sourceTree = "<group>"; };
		804C74241449855600251269 /* flight@2x.png */ = {isa = PBXFileReference; lastKnownFileType = image.png; path = "flight@2x.png"; sourceTree = "<group>"; };
		804C74251449855600251269 /* more.png */ = {isa = PBXFileReference; lastKnownFileType = image.png; path = more.png; sourceTree = "<group>"; };
		804C74261449855600251269 /* more@2x.png */ = {isa = PBXFileReference; lastKnownFileType = image.png; path = "more@2x.png"; sourceTree = "<group>"; };
		804C74271449855600251269 /* passport.png */ = {isa = PBXFileReference; lastKnownFileType = image.png; path = passport.png; sourceTree = "<group>"; };
		804C74281449855600251269 /* passport@2x.png */ = {isa = PBXFileReference; lastKnownFileType = image.png; path = "passport@2x.png"; sourceTree = "<group>"; };
		804C74291449855600251269 /* tips.png */ = {isa = PBXFileReference; lastKnownFileType = image.png; path = tips.png; sourceTree = "<group>"; };
		804C742A1449855600251269 /* tips@2x.png */ = {isa = PBXFileReference; lastKnownFileType = image.png; path = "tips@2x.png"; sourceTree = "<group>"; };
		804C743814498FFE00251269 /* More.h */ = {isa = PBXFileReference; fileEncoding = 4; lastKnownFileType = sourcecode.c.h; path = More.h; sourceTree = "<group>"; };
		804C743914498FFE00251269 /* More.m */ = {isa = PBXFileReference; fileEncoding = 4; lastKnownFileType = sourcecode.c.objc; path = More.m; sourceTree = "<group>"; };
		804C743A14498FFE00251269 /* More.xib */ = {isa = PBXFileReference; fileEncoding = 4; lastKnownFileType = file.xib; path = More.xib; sourceTree = "<group>"; };
		8052A86E1468340300254242 /* SystemConfiguration.framework */ = {isa = PBXFileReference; lastKnownFileType = wrapper.framework; name = SystemConfiguration.framework; path = System/Library/Frameworks/SystemConfiguration.framework; sourceTree = SDKROOT; };
		8052A8711468347200254242 /* Reachability.h */ = {isa = PBXFileReference; fileEncoding = 4; lastKnownFileType = sourcecode.c.h; path = Reachability.h; sourceTree = "<group>"; };
		8052A8721468347200254242 /* Reachability.m */ = {isa = PBXFileReference; fileEncoding = 4; lastKnownFileType = sourcecode.c.objc; path = Reachability.m; sourceTree = "<group>"; };
		807E752C146D9C8A00925C70 /* KeunKruang.db */ = {isa = PBXFileReference; lastKnownFileType = file; path = KeunKruang.db; sourceTree = SOURCE_ROOT; };
		807F2FAF144A033D008EF06A /* Weather.h */ = {isa = PBXFileReference; fileEncoding = 4; lastKnownFileType = sourcecode.c.h; path = Weather.h; sourceTree = "<group>"; };
		807F2FB0144A033D008EF06A /* Weather.m */ = {isa = PBXFileReference; fileEncoding = 4; lastKnownFileType = sourcecode.c.objc; path = Weather.m; sourceTree = "<group>"; };
		807F2FB1144A033D008EF06A /* Weather.xib */ = {isa = PBXFileReference; fileEncoding = 4; lastKnownFileType = file.xib; path = Weather.xib; sourceTree = "<group>"; };
		809A63AB144984EA006AFFFB /* pouhnmk_logo_white.png */ = {isa = PBXFileReference; lastKnownFileType = image.png; path = pouhnmk_logo_white.png; sourceTree = "<group>"; };
		80C06AB11448ABFE00169599 /* image1.jpg */ = {isa = PBXFileReference; lastKnownFileType = image.jpeg; name = image1.jpg; path = ../../../Downloads/Scrolling/image1.jpg; sourceTree = "<group>"; };
		80C06AB21448ABFE00169599 /* image2.jpg */ = {isa = PBXFileReference; lastKnownFileType = image.jpeg; name = image2.jpg; path = ../../../Downloads/Scrolling/image2.jpg; sourceTree = "<group>"; };
		80C06AB31448ABFE00169599 /* image3.jpg */ = {isa = PBXFileReference; lastKnownFileType = image.jpeg; name = image3.jpg; path = ../../../Downloads/Scrolling/image3.jpg; sourceTree = "<group>"; };
		80C06AB41448ABFE00169599 /* image4.jpg */ = {isa = PBXFileReference; lastKnownFileType = image.jpeg; name = image4.jpg; path = ../../../Downloads/Scrolling/image4.jpg; sourceTree = "<group>"; };
		80C06AB51448ABFE00169599 /* image5.jpg */ = {isa = PBXFileReference; lastKnownFileType = image.jpeg; name = image5.jpg; path = ../../../Downloads/Scrolling/image5.jpg; sourceTree = "<group>"; };
		80C06ABC1448AC7600169599 /* UIKit.framework */ = {isa = PBXFileReference; lastKnownFileType = wrapper.framework; name = UIKit.framework; path = System/Library/Frameworks/UIKit.framework; sourceTree = SDKROOT; };
		80C06ABE1448AC7C00169599 /* Foundation.framework */ = {isa = PBXFileReference; lastKnownFileType = wrapper.framework; name = Foundation.framework; path = System/Library/Frameworks/Foundation.framework; sourceTree = SDKROOT; };
		80C06AC01448AC8200169599 /* CoreGraphics.framework */ = {isa = PBXFileReference; lastKnownFileType = wrapper.framework; name = CoreGraphics.framework; path = System/Library/Frameworks/CoreGraphics.framework; sourceTree = SDKROOT; };
		80F2A0AA143EB3BA007D0D79 /* KeunKruang.app */ = {isa = PBXFileReference; explicitFileType = wrapper.application; includeInIndex = 0; path = KeunKruang.app; sourceTree = BUILT_PRODUCTS_DIR; };
		80F2A0B6143EB3BA007D0D79 /* KeunKruang-Info.plist */ = {isa = PBXFileReference; lastKnownFileType = text.plist.xml; path = "KeunKruang-Info.plist"; sourceTree = "<group>"; };
		80F2A0B8143EB3BA007D0D79 /* en */ = {isa = PBXFileReference; lastKnownFileType = text.plist.strings; name = en; path = en.lproj/InfoPlist.strings; sourceTree = "<group>"; };
		80F2A0BA143EB3BA007D0D79 /* main.m */ = {isa = PBXFileReference; lastKnownFileType = sourcecode.c.objc; path = main.m; sourceTree = "<group>"; };
		80F2A0BC143EB3BA007D0D79 /* KeunKruang-Prefix.pch */ = {isa = PBXFileReference; lastKnownFileType = sourcecode.c.h; path = "KeunKruang-Prefix.pch"; sourceTree = "<group>"; };
		80F2A0BD143EB3BA007D0D79 /* KeunKruangAppDelegate.h */ = {isa = PBXFileReference; lastKnownFileType = sourcecode.c.h; path = KeunKruangAppDelegate.h; sourceTree = "<group>"; };
		80F2A0BE143EB3BA007D0D79 /* KeunKruangAppDelegate.m */ = {isa = PBXFileReference; lastKnownFileType = sourcecode.c.objc; path = KeunKruangAppDelegate.m; sourceTree = "<group>"; };
		80F2A0C1143EB3BA007D0D79 /* en */ = {isa = PBXFileReference; lastKnownFileType = file.xib; name = en; path = en.lproj/MainWindow.xib; sourceTree = "<group>"; };
		80F2A0D5143EB410007D0D79 /* bg.png */ = {isa = PBXFileReference; lastKnownFileType = image.png; path = bg.png; sourceTree = "<group>"; };
		80F2A0D6143EB410007D0D79 /* bg.pxm */ = {isa = PBXFileReference; lastKnownFileType = file; path = bg.pxm; sourceTree = "<group>"; };
		80F2A0D7143EB410007D0D79 /* bg@2x.png */ = {isa = PBXFileReference; lastKnownFileType = image.png; path = "bg@2x.png"; sourceTree = "<group>"; };
		80F2A0D8143EB410007D0D79 /* bg@2x.pxm */ = {isa = PBXFileReference; lastKnownFileType = file; path = "bg@2x.pxm"; sourceTree = "<group>"; };
		80F2A0DD143EB421007D0D79 /* Default.png */ = {isa = PBXFileReference; lastKnownFileType = image.png; path = Default.png; sourceTree = "<group>"; };
		80F2A0DF143EB428007D0D79 /* Default@2x.png */ = {isa = PBXFileReference; lastKnownFileType = image.png; path = "Default@2x.png"; sourceTree = "<group>"; };
/* End PBXFileReference section */

/* Begin PBXFrameworksBuildPhase section */
		80F2A0A7143EB3BA007D0D79 /* Frameworks */ = {
			isa = PBXFrameworksBuildPhase;
			buildActionMask = 2147483647;
			files = (
				8052A86F1468340300254242 /* SystemConfiguration.framework in Frameworks */,
				800E1610144F279F00571CBD /* libsqlite3.0.dylib in Frameworks */,
				80C06AC11448AC8200169599 /* CoreGraphics.framework in Frameworks */,
				80C06ABF1448AC7C00169599 /* Foundation.framework in Frameworks */,
				80C06ABD1448AC7600169599 /* UIKit.framework in Frameworks */,
			);
			runOnlyForDeploymentPostprocessing = 0;
		};
/* End PBXFrameworksBuildPhase section */

/* Begin PBXGroup section */
		800E1626144F37EC00571CBD /* Passport */ = {
			isa = PBXGroup;
			children = (
				800E1611144F27CF00571CBD /* Passport.h */,
				800E1612144F27CF00571CBD /* Passport.m */,
				800E1619144F2EEB00571CBD /* Passport_view.h */,
				800E161A144F2EEB00571CBD /* Passport_view.m */,
				800E161B144F2EEB00571CBD /* Passport_view.xib */,
			);
			name = Passport;
			sourceTree = "<group>";
		};
		801D4D94143F563E005C0F5D /* tips */ = {
			isa = PBXGroup;
			children = (
				80C06AB11448ABFE00169599 /* image1.jpg */,
				80C06AB21448ABFE00169599 /* image2.jpg */,
				80C06AB31448ABFE00169599 /* image3.jpg */,
				80C06AB41448ABFE00169599 /* image4.jpg */,
				80C06AB51448ABFE00169599 /* image5.jpg */,
			);
			name = tips;
			sourceTree = "<group>";
		};
		804078331448B482006F8A40 /* More */ = {
			isa = PBXGroup;
			children = (
				804078341448B49B006F8A40 /* About.h */,
				804078351448B49B006F8A40 /* About.m */,
				804078361448B49B006F8A40 /* About.xib */,
				804C743814498FFE00251269 /* More.h */,
				804C743914498FFE00251269 /* More.m */,
				804C743A14498FFE00251269 /* More.xib */,
				800597301449F43C00302B9B /* Currency.h */,
				800597311449F43C00302B9B /* Currency.m */,
				800597321449F43C00302B9B /* Currency.xib */,
				807F2FAF144A033D008EF06A /* Weather.h */,
				807F2FB0144A033D008EF06A /* Weather.m */,
				807F2FB1144A033D008EF06A /* Weather.xib */,
			);
			name = More;
			sourceTree = "<group>";
		};
		806F9FAB143ECE5F00AC2A32 /* tabbar */ = {
			isa = PBXGroup;
			children = (
				804C74231449855600251269 /* flight.png */,
				804C74241449855600251269 /* flight@2x.png */,
				804C74251449855600251269 /* more.png */,
				804C74261449855600251269 /* more@2x.png */,
				804C74271449855600251269 /* passport.png */,
				804C74281449855600251269 /* passport@2x.png */,
				804C74291449855600251269 /* tips.png */,
				804C742A1449855600251269 /* tips@2x.png */,
			);
			name = tabbar;
			sourceTree = "<group>";
		};
		80F2A09F143EB3BA007D0D79 = {
			isa = PBXGroup;
			children = (
				8052A86E1468340300254242 /* SystemConfiguration.framework */,
				800E160F144F279F00571CBD /* libsqlite3.0.dylib */,
				80F2A0DF143EB428007D0D79 /* Default@2x.png */,
				80F2A0DD143EB421007D0D79 /* Default.png */,
				80F2A0D4143EB410007D0D79 /* img */,
				80F2A0B4143EB3BA007D0D79 /* KeunKruang */,
				80F2A0AD143EB3BA007D0D79 /* Frameworks */,
				80F2A0AB143EB3BA007D0D79 /* Products */,
			);
			sourceTree = "<group>";
		};
		80F2A0AB143EB3BA007D0D79 /* Products */ = {
			isa = PBXGroup;
			children = (
				80F2A0AA143EB3BA007D0D79 /* KeunKruang.app */,
			);
			name = Products;
			sourceTree = "<group>";
		};
		80F2A0AD143EB3BA007D0D79 /* Frameworks */ = {
			isa = PBXGroup;
			children = (
				80C06AC01448AC8200169599 /* CoreGraphics.framework */,
				80C06ABE1448AC7C00169599 /* Foundation.framework */,
				80C06ABC1448AC7600169599 /* UIKit.framework */,
			);
			name = Frameworks;
			sourceTree = "<group>";
		};
		80F2A0B4143EB3BA007D0D79 /* KeunKruang */ = {
			isa = PBXGroup;
			children = (
				807E752C146D9C8A00925C70 /* KeunKruang.db */,
				8052A8711468347200254242 /* Reachability.h */,
				8052A8721468347200254242 /* Reachability.m */,
				800E1626144F37EC00571CBD /* Passport */,
				804078331448B482006F8A40 /* More */,
				80F2A0BD143EB3BA007D0D79 /* KeunKruangAppDelegate.h */,
				80F2A0BE143EB3BA007D0D79 /* KeunKruangAppDelegate.m */,
				80F2A0C0143EB3BA007D0D79 /* MainWindow.xib */,
				80F2A0B5143EB3BA007D0D79 /* Supporting Files */,
				804A3C1F14488624002FCEDC /* Tips.h */,
				804A3C2014488624002FCEDC /* Tips.m */,
				804A3C2114488624002FCEDC /* Tips.xib */,
			);
			path = KeunKruang;
			sourceTree = "<group>";
		};
		80F2A0B5143EB3BA007D0D79 /* Supporting Files */ = {
			isa = PBXGroup;
			children = (
				80F2A0B6143EB3BA007D0D79 /* KeunKruang-Info.plist */,
				80F2A0B7143EB3BA007D0D79 /* InfoPlist.strings */,
				80F2A0BA143EB3BA007D0D79 /* main.m */,
				80F2A0BC143EB3BA007D0D79 /* KeunKruang-Prefix.pch */,
			);
			name = "Supporting Files";
			sourceTree = "<group>";
		};
		80F2A0D4143EB410007D0D79 /* img */ = {
			isa = PBXGroup;
			children = (
				8005972E1449F24100302B9B /* nectec_logo.jpg */,
				809A63AB144984EA006AFFFB /* pouhnmk_logo_white.png */,
				801D4D94143F563E005C0F5D /* tips */,
				806F9FAB143ECE5F00AC2A32 /* tabbar */,
				80F2A0D5143EB410007D0D79 /* bg.png */,
				80F2A0D6143EB410007D0D79 /* bg.pxm */,
				80F2A0D7143EB410007D0D79 /* bg@2x.png */,
				80F2A0D8143EB410007D0D79 /* bg@2x.pxm */,
			);
			path = img;
			sourceTree = "<group>";
		};
/* End PBXGroup section */

/* Begin PBXNativeTarget section */
		80F2A0A9143EB3BA007D0D79 /* KeunKruang */ = {
			isa = PBXNativeTarget;
			buildConfigurationList = 80F2A0D1143EB3BB007D0D79 /* Build configuration list for PBXNativeTarget "KeunKruang" */;
			buildPhases = (
				80F2A0A6143EB3BA007D0D79 /* Sources */,
				80F2A0A7143EB3BA007D0D79 /* Frameworks */,
				80F2A0A8143EB3BA007D0D79 /* Resources */,
			);
			buildRules = (
			);
			dependencies = (
			);
			name = KeunKruang;
			productName = KeunKruang;
			productReference = 80F2A0AA143EB3BA007D0D79 /* KeunKruang.app */;
			productType = "com.apple.product-type.application";
		};
/* End PBXNativeTarget section */

/* Begin PBXProject section */
		80F2A0A1143EB3BA007D0D79 /* Project object */ = {
			isa = PBXProject;
			attributes = {
				LastUpgradeCheck = 0420;
				ORGANIZATIONNAME = "Chulalongkorn University";
			};
			buildConfigurationList = 80F2A0A4143EB3BA007D0D79 /* Build configuration list for PBXProject "KeunKruang" */;
			compatibilityVersion = "Xcode 3.2";
			developmentRegion = English;
			hasScannedForEncodings = 0;
			knownRegions = (
				en,
			);
			mainGroup = 80F2A09F143EB3BA007D0D79;
			productRefGroup = 80F2A0AB143EB3BA007D0D79 /* Products */;
			projectDirPath = "";
			projectRoot = "";
			targets = (
				80F2A0A9143EB3BA007D0D79 /* KeunKruang */,
			);
		};
/* End PBXProject section */

/* Begin PBXResourcesBuildPhase section */
		80F2A0A8143EB3BA007D0D79 /* Resources */ = {
			isa = PBXResourcesBuildPhase;
			buildActionMask = 2147483647;
			files = (
				80F2A0B9143EB3BA007D0D79 /* InfoPlist.strings in Resources */,
				80F2A0C2143EB3BA007D0D79 /* MainWindow.xib in Resources */,
				80F2A0D9143EB410007D0D79 /* bg.png in Resources */,
				80F2A0DA143EB410007D0D79 /* bg.pxm in Resources */,
				80F2A0DB143EB410007D0D79 /* bg@2x.png in Resources */,
				80F2A0DC143EB410007D0D79 /* bg@2x.pxm in Resources */,
				80F2A0DE143EB421007D0D79 /* Default.png in Resources */,
				80F2A0E0143EB428007D0D79 /* Default@2x.png in Resources */,
				804A3C2314488624002FCEDC /* Tips.xib in Resources */,
				80C06AB61448ABFE00169599 /* image1.jpg in Resources */,
				80C06AB71448ABFE00169599 /* image2.jpg in Resources */,
				80C06AB81448ABFE00169599 /* image3.jpg in Resources */,
				80C06AB91448ABFE00169599 /* image4.jpg in Resources */,
				80C06ABA1448ABFE00169599 /* image5.jpg in Resources */,
				804078381448B49B006F8A40 /* About.xib in Resources */,
				809A63AD144984EA006AFFFB /* pouhnmk_logo_white.png in Resources */,
				804C742B1449855600251269 /* flight.png in Resources */,
				804C742C1449855600251269 /* flight@2x.png in Resources */,
				804C742D1449855600251269 /* more.png in Resources */,
				804C742E1449855600251269 /* more@2x.png in Resources */,
				804C742F1449855600251269 /* passport.png in Resources */,
				804C74301449855600251269 /* passport@2x.png in Resources */,
				804C74311449855600251269 /* tips.png in Resources */,
				804C74321449855600251269 /* tips@2x.png in Resources */,
				804C743C14498FFE00251269 /* More.xib in Resources */,
				8005972F1449F24100302B9B /* nectec_logo.jpg in Resources */,
				800597341449F43C00302B9B /* Currency.xib in Resources */,
				807F2FB3144A033D008EF06A /* Weather.xib in Resources */,
				800E161D144F2EEB00571CBD /* Passport_view.xib in Resources */,
				807E752D146D9C8A00925C70 /* KeunKruang.db in Resources */,
			);
			runOnlyForDeploymentPostprocessing = 0;
		};
/* End PBXResourcesBuildPhase section */

/* Begin PBXSourcesBuildPhase section */
		80F2A0A6143EB3BA007D0D79 /* Sources */ = {
			isa = PBXSourcesBuildPhase;
			buildActionMask = 2147483647;
			files = (
				80F2A0BB143EB3BA007D0D79 /* main.m in Sources */,
				80F2A0BF143EB3BA007D0D79 /* KeunKruangAppDelegate.m in Sources */,
				804A3C2214488624002FCEDC /* Tips.m in Sources */,
				804078371448B49B006F8A40 /* About.m in Sources */,
				804C743B14498FFE00251269 /* More.m in Sources */,
				800597331449F43C00302B9B /* Currency.m in Sources */,
				807F2FB2144A033D008EF06A /* Weather.m in Sources */,
				800E1613144F27CF00571CBD /* Passport.m in Sources */,
				800E161C144F2EEB00571CBD /* Passport_view.m in Sources */,
				8052A8731468347200254242 /* Reachability.m in Sources */,
			);
			runOnlyForDeploymentPostprocessing = 0;
		};
/* End PBXSourcesBuildPhase section */

/* Begin PBXVariantGroup section */
		80F2A0B7143EB3BA007D0D79 /* InfoPlist.strings */ = {
			isa = PBXVariantGroup;
			children = (
				80F2A0B8143EB3BA007D0D79 /* en */,
			);
			name = InfoPlist.strings;
			sourceTree = "<group>";
		};
		80F2A0C0143EB3BA007D0D79 /* MainWindow.xib */ = {
			isa = PBXVariantGroup;
			children = (
				80F2A0C1143EB3BA007D0D79 /* en */,
			);
			name = MainWindow.xib;
			sourceTree = "<group>";
		};
/* End PBXVariantGroup section */

/* Begin XCBuildConfiguration section */
		80F2A0CF143EB3BB007D0D79 /* Debug */ = {
			isa = XCBuildConfiguration;
			buildSettings = {
				ALWAYS_SEARCH_USER_PATHS = NO;
				ARCHS = "$(ARCHS_STANDARD_32_BIT)";
				"CODE_SIGN_IDENTITY[sdk=iphoneos*]" = "iPhone Developer";
				COPY_PHASE_STRIP = NO;
				GCC_C_LANGUAGE_STANDARD = gnu99;
				GCC_DYNAMIC_NO_PIC = NO;
				GCC_OPTIMIZATION_LEVEL = 0;
				GCC_PREPROCESSOR_DEFINITIONS = (
					"DEBUG=1",
					"$(inherited)",
				);
				GCC_SYMBOLS_PRIVATE_EXTERN = NO;
				GCC_VERSION = com.apple.compilers.llvmgcc42;
				GCC_WARN_ABOUT_MISSING_PROTOTYPES = YES;
				GCC_WARN_ABOUT_RETURN_TYPE = YES;
				GCC_WARN_UNUSED_VARIABLE = YES;
				IPHONEOS_DEPLOYMENT_TARGET = 4.3;
				SDKROOT = iphoneos;
			};
			name = Debug;
		};
		80F2A0D0143EB3BB007D0D79 /* Release */ = {
			isa = XCBuildConfiguration;
			buildSettings = {
				ALWAYS_SEARCH_USER_PATHS = NO;
				ARCHS = "$(ARCHS_STANDARD_32_BIT)";
				"CODE_SIGN_IDENTITY[sdk=iphoneos*]" = "iPhone Developer";
				COPY_PHASE_STRIP = YES;
				GCC_C_LANGUAGE_STANDARD = gnu99;
				GCC_VERSION = com.apple.compilers.llvmgcc42;
				GCC_WARN_ABOUT_MISSING_PROTOTYPES = YES;
				GCC_WARN_ABOUT_RETURN_TYPE = YES;
				GCC_WARN_UNUSED_VARIABLE = YES;
				IPHONEOS_DEPLOYMENT_TARGET = 4.3;
				OTHER_CFLAGS = "-DNS_BLOCK_ASSERTIONS=1";
				SDKROOT = iphoneos;
				VALIDATE_PRODUCT = YES;
			};
			name = Release;
		};
		80F2A0D2143EB3BB007D0D79 /* Debug */ = {
			isa = XCBuildConfiguration;
			buildSettings = {
				FRAMEWORK_SEARCH_PATHS = (
					"$(inherited)",
					"\"$(DEVELOPER_FRAMEWORKS_DIR)\"",
				);
				GCC_PRECOMPILE_PREFIX_HEADER = YES;
				GCC_PREFIX_HEADER = "KeunKruang/KeunKruang-Prefix.pch";
				GCC_VERSION = com.apple.compilers.llvm.clang.1_0;
				INFOPLIST_FILE = "KeunKruang/KeunKruang-Info.plist";
				PRODUCT_NAME = "$(TARGET_NAME)";
				SDKROOT = iphoneos;
				TARGETED_DEVICE_FAMILY = 1;
				WRAPPER_EXTENSION = app;
			};
			name = Debug;
		};
		80F2A0D3143EB3BB007D0D79 /* Release */ = {
			isa = XCBuildConfiguration;
			buildSettings = {
				FRAMEWORK_SEARCH_PATHS = (
					"$(inherited)",
					"\"$(DEVELOPER_FRAMEWORKS_DIR)\"",
				);
				GCC_PRECOMPILE_PREFIX_HEADER = YES;
				GCC_PREFIX_HEADER = "KeunKruang/KeunKruang-Prefix.pch";
				GCC_VERSION = com.apple.compilers.llvm.clang.1_0;
				INFOPLIST_FILE = "KeunKruang/KeunKruang-Info.plist";
				PRODUCT_NAME = "$(TARGET_NAME)";
				SDKROOT = iphoneos;
				TARGETED_DEVICE_FAMILY = 1;
				WRAPPER_EXTENSION = app;
			};
			name = Release;
		};
/* End XCBuildConfiguration section */

/* Begin XCConfigurationList section */
		80F2A0A4143EB3BA007D0D79 /* Build configuration list for PBXProject "KeunKruang" */ = {
			isa = XCConfigurationList;
			buildConfigurations = (
				80F2A0CF143EB3BB007D0D79 /* Debug */,
				80F2A0D0143EB3BB007D0D79 /* Release */,
			);
			defaultConfigurationIsVisible = 0;
			defaultConfigurationName = Release;
		};
		80F2A0D1143EB3BB007D0D79 /* Build configuration list for PBXNativeTarget "KeunKruang" */ = {
			isa = XCConfigurationList;
			buildConfigurations = (
				80F2A0D2143EB3BB007D0D79 /* Debug */,
				80F2A0D3143EB3BB007D0D79 /* Release */,
			);
			defaultConfigurationIsVisible = 0;
			defaultConfigurationName = Release;
		};
/* End XCConfigurationList section */
	};
	rootObject = 80F2A0A1143EB3BA007D0D79 /* Project object */;
}
