// !$*UTF8*$!
{
	archiveVersion = 1;
	classes = {
	};
	objectVersion = 46;
	objects = {

/* Begin PBXBuildFile section */
		8005972F1449F24100302B9B /* nectec_logo.jpg in Resources */ = {isa = PBXBuildFile; fileRef = 8005972E1449F24100302B9B /* nectec_logo.jpg */; };
		800597331449F43C00302B9B /* Currency.m in Sources */ = {isa = PBXBuildFile; fileRef = 800597311449F43C00302B9B /* Currency.m */; };
		800597341449F43C00302B9B /* Currency.xib in Resources */ = {isa = PBXBuildFile; fileRef = 800597321449F43C00302B9B /* Currency.xib */; };
		800E1610144F279F00571CBD /* libsqlite3.0.dylib in Frameworks */ = {isa = PBXBuildFile; fileRef = 800E160F144F279F00571CBD /* libsqlite3.0.dylib */; };
		800E1613144F27CF00571CBD /* Passport.m in Sources */ = {isa = PBXBuildFile; fileRef = 800E1612144F27CF00571CBD /* Passport.m */; };
		800E161C144F2EEB00571CBD /* Passport_view.m in Sources */ = {isa = PBXBuildFile; fileRef = 800E161A144F2EEB00571CBD /* Passport_view.m */; };
		800E161D144F2EEB00571CBD /* Passport_view.xib in Resources */ = {isa = PBXBuildFile; fileRef = 800E161B144F2EEB00571CBD /* Passport_view.xib */; };
		801284E114BCA65A0047976B /* LuggageMain.m in Sources */ = {isa = PBXBuildFile; fileRef = 801284DF14BCA65A0047976B /* LuggageMain.m */; };
		801284E214BCA65A0047976B /* LuggageMain.xib in Resources */ = {isa = PBXBuildFile; fileRef = 801284E014BCA65A0047976B /* LuggageMain.xib */; };
		801284E614BCA81B0047976B /* LuggageDetail.m in Sources */ = {isa = PBXBuildFile; fileRef = 801284E414BCA81B0047976B /* LuggageDetail.m */; };
		801284E714BCA81B0047976B /* LuggageDetail.xib in Resources */ = {isa = PBXBuildFile; fileRef = 801284E514BCA81B0047976B /* LuggageDetail.xib */; };
		8014C08F147CE14200D16D61 /* addPassport.m in Sources */ = {isa = PBXBuildFile; fileRef = 8014C08D147CE14200D16D61 /* addPassport.m */; };
		8014C090147CE14200D16D61 /* addPassport.xib in Resources */ = {isa = PBXBuildFile; fileRef = 8014C08E147CE14200D16D61 /* addPassport.xib */; };
		804078371448B49B006F8A40 /* About.m in Sources */ = {isa = PBXBuildFile; fileRef = 804078351448B49B006F8A40 /* About.m */; };
		804078381448B49B006F8A40 /* About.xib in Resources */ = {isa = PBXBuildFile; fileRef = 804078361448B49B006F8A40 /* About.xib */; };
		804A3C2214488624002FCEDC /* Tips.m in Sources */ = {isa = PBXBuildFile; fileRef = 804A3C2014488624002FCEDC /* Tips.m */; };
		804A3C2314488624002FCEDC /* Tips.xib in Resources */ = {isa = PBXBuildFile; fileRef = 804A3C2114488624002FCEDC /* Tips.xib */; };
		804C742B1449855600251269 /* flight.png in Resources */ = {isa = PBXBuildFile; fileRef = 804C74231449855600251269 /* flight.png */; };
		804C742C1449855600251269 /* flight@2x.png in Resources */ = {isa = PBXBuildFile; fileRef = 804C74241449855600251269 /* flight@2x.png */; };
		804C742D1449855600251269 /* more.png in Resources */ = {isa = PBXBuildFile; fileRef = 804C74251449855600251269 /* more.png */; };
		804C742E1449855600251269 /* more@2x.png in Resources */ = {isa = PBXBuildFile; fileRef = 804C74261449855600251269 /* more@2x.png */; };
		804C742F1449855600251269 /* passport.png in Resources */ = {isa = PBXBuildFile; fileRef = 804C74271449855600251269 /* passport.png */; };
		804C74301449855600251269 /* passport@2x.png in Resources */ = {isa = PBXBuildFile; fileRef = 804C74281449855600251269 /* passport@2x.png */; };
		804C74311449855600251269 /* tips.png in Resources */ = {isa = PBXBuildFile; fileRef = 804C74291449855600251269 /* tips.png */; };
		804C74321449855600251269 /* tips@2x.png in Resources */ = {isa = PBXBuildFile; fileRef = 804C742A1449855600251269 /* tips@2x.png */; };
		804C743B14498FFE00251269 /* More.m in Sources */ = {isa = PBXBuildFile; fileRef = 804C743914498FFE00251269 /* More.m */; };
		804C743C14498FFE00251269 /* More.xib in Resources */ = {isa = PBXBuildFile; fileRef = 804C743A14498FFE00251269 /* More.xib */; };
		804FD97714BA1A33009DCC4F /* DocumentMain.m in Sources */ = {isa = PBXBuildFile; fileRef = 804FD97514BA1A33009DCC4F /* DocumentMain.m */; };
		804FD97814BA1A33009DCC4F /* DocumentMain.xib in Resources */ = {isa = PBXBuildFile; fileRef = 804FD97614BA1A33009DCC4F /* DocumentMain.xib */; };
		804FD97D14BA1C74009DCC4F /* DocumentView.m in Sources */ = {isa = PBXBuildFile; fileRef = 804FD97B14BA1C74009DCC4F /* DocumentView.m */; };
		804FD97E14BA1C74009DCC4F /* DocumentView.xib in Resources */ = {isa = PBXBuildFile; fileRef = 804FD97C14BA1C74009DCC4F /* DocumentView.xib */; };
		804FD98214BA1FC1009DCC4F /* Luggage.m in Sources */ = {isa = PBXBuildFile; fileRef = 804FD98114BA1FC1009DCC4F /* Luggage.m */; };
		804FD98514BA206D009DCC4F /* LuggageParser.m in Sources */ = {isa = PBXBuildFile; fileRef = 804FD98414BA206D009DCC4F /* LuggageParser.m */; };
		8052A86F1468340300254242 /* SystemConfiguration.framework in Frameworks */ = {isa = PBXBuildFile; fileRef = 8052A86E1468340300254242 /* SystemConfiguration.framework */; };
		8052A8731468347200254242 /* Reachability.m in Sources */ = {isa = PBXBuildFile; fileRef = 8052A8721468347200254242 /* Reachability.m */; };
		8069691414C5D7B000FCD886 /* KeunKruang.db in Resources */ = {isa = PBXBuildFile; fileRef = 8069691314C5D7B000FCD886 /* KeunKruang.db */; };
		8069691714C5D98100FCD886 /* Flight.m in Sources */ = {isa = PBXBuildFile; fileRef = 8069691614C5D98100FCD886 /* Flight.m */; };
		807F2FB2144A033D008EF06A /* Weather.m in Sources */ = {isa = PBXBuildFile; fileRef = 807F2FB0144A033D008EF06A /* Weather.m */; };
		807F2FB3144A033D008EF06A /* Weather.xib in Resources */ = {isa = PBXBuildFile; fileRef = 807F2FB1144A033D008EF06A /* Weather.xib */; };
		80896F9714C159D40061D802 /* FlightMain.m in Sources */ = {isa = PBXBuildFile; fileRef = 80896F9514C159D40061D802 /* FlightMain.m */; };
		80896F9814C159D40061D802 /* FlightMain.xib in Resources */ = {isa = PBXBuildFile; fileRef = 80896F9614C159D40061D802 /* FlightMain.xib */; };
		809A63AD144984EA006AFFFB /* pouhnmk_logo_white.png in Resources */ = {isa = PBXBuildFile; fileRef = 809A63AB144984EA006AFFFB /* pouhnmk_logo_white.png */; };
		80C06ABD1448AC7600169599 /* UIKit.framework in Frameworks */ = {isa = PBXBuildFile; fileRef = 80C06ABC1448AC7600169599 /* UIKit.framework */; };
		80C06ABF1448AC7C00169599 /* Foundation.framework in Frameworks */ = {isa = PBXBuildFile; fileRef = 80C06ABE1448AC7C00169599 /* Foundation.framework */; };
		80C06AC11448AC8200169599 /* CoreGraphics.framework in Frameworks */ = {isa = PBXBuildFile; fileRef = 80C06AC01448AC8200169599 /* CoreGraphics.framework */; };
		80DD3AA614B8BF2D00E9E19B /* CListParser.m in Sources */ = {isa = PBXBuildFile; fileRef = 80DD3AA314B8BF2D00E9E19B /* CListParser.m */; };
		80DD3AA714B8BF2D00E9E19B /* VisaParser.m in Sources */ = {isa = PBXBuildFile; fileRef = 80DD3AA514B8BF2D00E9E19B /* VisaParser.m */; };
		80DD3AAD14B8BF5C00E9E19B /* Country.m in Sources */ = {isa = PBXBuildFile; fileRef = 80DD3AAA14B8BF5C00E9E19B /* Country.m */; };
		80DD3AAE14B8BF5C00E9E19B /* Visa.m in Sources */ = {isa = PBXBuildFile; fileRef = 80DD3AAC14B8BF5C00E9E19B /* Visa.m */; };
		80F2A0B9143EB3BA007D0D79 /* InfoPlist.strings in Resources */ = {isa = PBXBuildFile; fileRef = 80F2A0B7143EB3BA007D0D79 /* InfoPlist.strings */; };
		80F2A0BB143EB3BA007D0D79 /* main.m in Sources */ = {isa = PBXBuildFile; fileRef = 80F2A0BA143EB3BA007D0D79 /* main.m */; };
		80F2A0BF143EB3BA007D0D79 /* AppDelegate.m in Sources */ = {isa = PBXBuildFile; fileRef = 80F2A0BE143EB3BA007D0D79 /* AppDelegate.m */; };
		80F2A0C2143EB3BA007D0D79 /* MainWindow.xib in Resources */ = {isa = PBXBuildFile; fileRef = 80F2A0C0143EB3BA007D0D79 /* MainWindow.xib */; };
		80F2A0D9143EB410007D0D79 /* bg.png in Resources */ = {isa = PBXBuildFile; fileRef = 80F2A0D5143EB410007D0D79 /* bg.png */; };
		80F2A0DA143EB410007D0D79 /* bg.pxm in Resources */ = {isa = PBXBuildFile; fileRef = 80F2A0D6143EB410007D0D79 /* bg.pxm */; };
		80F2A0DB143EB410007D0D79 /* bg@2x.png in Resources */ = {isa = PBXBuildFile; fileRef = 80F2A0D7143EB410007D0D79 /* bg@2x.png */; };
		80F2A0DC143EB410007D0D79 /* bg@2x.pxm in Resources */ = {isa = PBXBuildFile; fileRef = 80F2A0D8143EB410007D0D79 /* bg@2x.pxm */; };
		80F500B514B8C077002D402F /* VisaDetail.m in Sources */ = {isa = PBXBuildFile; fileRef = 80F500B014B8C077002D402F /* VisaDetail.m */; };
		80F500B614B8C077002D402F /* VisaDetail.xib in Resources */ = {isa = PBXBuildFile; fileRef = 80F500B114B8C077002D402F /* VisaDetail.xib */; };
		80F500B714B8C077002D402F /* VisaMain.m in Sources */ = {isa = PBXBuildFile; fileRef = 80F500B314B8C077002D402F /* VisaMain.m */; };
		80F500B814B8C077002D402F /* VisaMain.xib in Resources */ = {isa = PBXBuildFile; fileRef = 80F500B414B8C077002D402F /* VisaMain.xib */; };
/* End PBXBuildFile section */

/* Begin PBXFileReference section */
		8005972E1449F24100302B9B /* nectec_logo.jpg */ = {isa = PBXFileReference; lastKnownFileType = image.jpeg; path = nectec_logo.jpg; sourceTree = "<group>"; };
		800597301449F43C00302B9B /* Currency.h */ = {isa = PBXFileReference; fileEncoding = 4; lastKnownFileType = sourcecode.c.h; path = Currency.h; sourceTree = "<group>"; };
		800597311449F43C00302B9B /* Currency.m */ = {isa = PBXFileReference; fileEncoding = 4; lastKnownFileType = sourcecode.c.objc; path = Currency.m; sourceTree = "<group>"; };
		800597321449F43C00302B9B /* Currency.xib */ = {isa = PBXFileReference; fileEncoding = 4; lastKnownFileType = file.xib; path = Currency.xib; sourceTree = "<group>"; };
		800E160F144F279F00571CBD /* libsqlite3.0.dylib */ = {isa = PBXFileReference; lastKnownFileType = "compiled.mach-o.dylib"; name = libsqlite3.0.dylib; path = usr/lib/libsqlite3.0.dylib; sourceTree = SDKROOT; };
		800E1611144F27CF00571CBD /* Passport.h */ = {isa = PBXFileReference; fileEncoding = 4; lastKnownFileType = sourcecode.c.h; path = Passport.h; sourceTree = "<group>"; };
		800E1612144F27CF00571CBD /* Passport.m */ = {isa = PBXFileReference; fileEncoding = 4; lastKnownFileType = sourcecode.c.objc; path = Passport.m; sourceTree = "<group>"; };
		800E1619144F2EEB00571CBD /* Passport_view.h */ = {isa = PBXFileReference; fileEncoding = 4; lastKnownFileType = sourcecode.c.h; path = Passport_view.h; sourceTree = "<group>"; };
		800E161A144F2EEB00571CBD /* Passport_view.m */ = {isa = PBXFileReference; fileEncoding = 4; lastKnownFileType = sourcecode.c.objc; path = Passport_view.m; sourceTree = "<group>"; };
		800E161B144F2EEB00571CBD /* Passport_view.xib */ = {isa = PBXFileReference; fileEncoding = 4; lastKnownFileType = file.xib; path = Passport_view.xib; sourceTree = "<group>"; };
		801284DE14BCA65A0047976B /* LuggageMain.h */ = {isa = PBXFileReference; fileEncoding = 4; lastKnownFileType = sourcecode.c.h; path = LuggageMain.h; sourceTree = "<group>"; };
		801284DF14BCA65A0047976B /* LuggageMain.m */ = {isa = PBXFileReference; fileEncoding = 4; lastKnownFileType = sourcecode.c.objc; path = LuggageMain.m; sourceTree = "<group>"; };
		801284E014BCA65A0047976B /* LuggageMain.xib */ = {isa = PBXFileReference; fileEncoding = 4; lastKnownFileType = file.xib; path = LuggageMain.xib; sourceTree = "<group>"; };
		801284E314BCA81B0047976B /* LuggageDetail.h */ = {isa = PBXFileReference; fileEncoding = 4; lastKnownFileType = sourcecode.c.h; path = LuggageDetail.h; sourceTree = "<group>"; };
		801284E414BCA81B0047976B /* LuggageDetail.m */ = {isa = PBXFileReference; fileEncoding = 4; lastKnownFileType = sourcecode.c.objc; path = LuggageDetail.m; sourceTree = "<group>"; };
		801284E514BCA81B0047976B /* LuggageDetail.xib */ = {isa = PBXFileReference; fileEncoding = 4; lastKnownFileType = file.xib; path = LuggageDetail.xib; sourceTree = "<group>"; };
		8014C08C147CE14200D16D61 /* addPassport.h */ = {isa = PBXFileReference; fileEncoding = 4; lastKnownFileType = sourcecode.c.h; path = addPassport.h; sourceTree = "<group>"; };
		8014C08D147CE14200D16D61 /* addPassport.m */ = {isa = PBXFileReference; fileEncoding = 4; lastKnownFileType = sourcecode.c.objc; path = addPassport.m; sourceTree = "<group>"; };
		8014C08E147CE14200D16D61 /* addPassport.xib */ = {isa = PBXFileReference; fileEncoding = 4; lastKnownFileType = file.xib; path = addPassport.xib; sourceTree = "<group>"; };
		804078341448B49B006F8A40 /* About.h */ = {isa = PBXFileReference; fileEncoding = 4; lastKnownFileType = sourcecode.c.h; path = About.h; sourceTree = "<group>"; };
		804078351448B49B006F8A40 /* About.m */ = {isa = PBXFileReference; fileEncoding = 4; lastKnownFileType = sourcecode.c.objc; path = About.m; sourceTree = "<group>"; };
		804078361448B49B006F8A40 /* About.xib */ = {isa = PBXFileReference; fileEncoding = 4; lastKnownFileType = file.xib; path = About.xib; sourceTree = "<group>"; };
		804A3C1F14488624002FCEDC /* Tips.h */ = {isa = PBXFileReference; fileEncoding = 4; lastKnownFileType = sourcecode.c.h; path = Tips.h; sourceTree = "<group>"; };
		804A3C2014488624002FCEDC /* Tips.m */ = {isa = PBXFileReference; fileEncoding = 4; lastKnownFileType = sourcecode.c.objc; path = Tips.m; sourceTree = "<group>"; };
		804A3C2114488624002FCEDC /* Tips.xib */ = {isa = PBXFileReference; fileEncoding = 4; lastKnownFileType = file.xib; path = Tips.xib; sourceTree = "<group>"; };
		804C74231449855600251269 /* flight.png */ = {isa = PBXFileReference; lastKnownFileType = image.png; path = flight.png; sourceTree = "<group>"; };
		804C74241449855600251269 /* flight@2x.png */ = {isa = PBXFileReference; lastKnownFileType = image.png; path = "flight@2x.png"; sourceTree = "<group>"; };
		804C74251449855600251269 /* more.png */ = {isa = PBXFileReference; lastKnownFileType = image.png; path = more.png; sourceTree = "<group>"; };
		804C74261449855600251269 /* more@2x.png */ = {isa = PBXFileReference; lastKnownFileType = image.png; path = "more@2x.png"; sourceTree = "<group>"; };
		804C74271449855600251269 /* passport.png */ = {isa = PBXFileReference; lastKnownFileType = image.png; path = passport.png; sourceTree = "<group>"; };
		804C74281449855600251269 /* passport@2x.png */ = {isa = PBXFileReference; lastKnownFileType = image.png; path = "passport@2x.png"; sourceTree = "<group>"; };
		804C74291449855600251269 /* tips.png */ = {isa = PBXFileReference; lastKnownFileType = image.png; path = tips.png; sourceTree = "<group>"; };
		804C742A1449855600251269 /* tips@2x.png */ = {isa = PBXFileReference; lastKnownFileType = image.png; path = "tips@2x.png"; sourceTree = "<group>"; };
		804C743814498FFE00251269 /* More.h */ = {isa = PBXFileReference; fileEncoding = 4; lastKnownFileType = sourcecode.c.h; path = More.h; sourceTree = "<group>"; };
		804C743914498FFE00251269 /* More.m */ = {isa = PBXFileReference; fileEncoding = 4; lastKnownFileType = sourcecode.c.objc; path = More.m; sourceTree = "<group>"; };
		804C743A14498FFE00251269 /* More.xib */ = {isa = PBXFileReference; fileEncoding = 4; lastKnownFileType = file.xib; path = More.xib; sourceTree = "<group>"; };
		804FD97414BA1A33009DCC4F /* DocumentMain.h */ = {isa = PBXFileReference; fileEncoding = 4; lastKnownFileType = sourcecode.c.h; path = DocumentMain.h; sourceTree = "<group>"; };
		804FD97514BA1A33009DCC4F /* DocumentMain.m */ = {isa = PBXFileReference; fileEncoding = 4; lastKnownFileType = sourcecode.c.objc; path = DocumentMain.m; sourceTree = "<group>"; };
		804FD97614BA1A33009DCC4F /* DocumentMain.xib */ = {isa = PBXFileReference; fileEncoding = 4; lastKnownFileType = file.xib; path = DocumentMain.xib; sourceTree = "<group>"; };
		804FD97A14BA1C74009DCC4F /* DocumentView.h */ = {isa = PBXFileReference; fileEncoding = 4; lastKnownFileType = sourcecode.c.h; path = DocumentView.h; sourceTree = "<group>"; };
		804FD97B14BA1C74009DCC4F /* DocumentView.m */ = {isa = PBXFileReference; fileEncoding = 4; lastKnownFileType = sourcecode.c.objc; path = DocumentView.m; sourceTree = "<group>"; };
		804FD97C14BA1C74009DCC4F /* DocumentView.xib */ = {isa = PBXFileReference; fileEncoding = 4; lastKnownFileType = file.xib; path = DocumentView.xib; sourceTree = "<group>"; };
		804FD98014BA1FC1009DCC4F /* Luggage.h */ = {isa = PBXFileReference; fileEncoding = 4; lastKnownFileType = sourcecode.c.h; path = Luggage.h; sourceTree = "<group>"; };
		804FD98114BA1FC1009DCC4F /* Luggage.m */ = {isa = PBXFileReference; fileEncoding = 4; lastKnownFileType = sourcecode.c.objc; path = Luggage.m; sourceTree = "<group>"; };
		804FD98314BA206D009DCC4F /* LuggageParser.h */ = {isa = PBXFileReference; fileEncoding = 4; lastKnownFileType = sourcecode.c.h; path = LuggageParser.h; sourceTree = "<group>"; };
		804FD98414BA206D009DCC4F /* LuggageParser.m */ = {isa = PBXFileReference; fileEncoding = 4; lastKnownFileType = sourcecode.c.objc; path = LuggageParser.m; sourceTree = "<group>"; };
		8052A86E1468340300254242 /* SystemConfiguration.framework */ = {isa = PBXFileReference; lastKnownFileType = wrapper.framework; name = SystemConfiguration.framework; path = System/Library/Frameworks/SystemConfiguration.framework; sourceTree = SDKROOT; };
		8052A8711468347200254242 /* Reachability.h */ = {isa = PBXFileReference; fileEncoding = 4; lastKnownFileType = sourcecode.c.h; path = Reachability.h; sourceTree = "<group>"; };
		8052A8721468347200254242 /* Reachability.m */ = {isa = PBXFileReference; fileEncoding = 4; lastKnownFileType = sourcecode.c.objc; path = Reachability.m; sourceTree = "<group>"; };
		8069691314C5D7B000FCD886 /* KeunKruang.db */ = {isa = PBXFileReference; lastKnownFileType = file; path = KeunKruang.db; sourceTree = SOURCE_ROOT; };
		8069691514C5D98100FCD886 /* Flight.h */ = {isa = PBXFileReference; fileEncoding = 4; lastKnownFileType = sourcecode.c.h; path = Flight.h; sourceTree = "<group>"; };
		8069691614C5D98100FCD886 /* Flight.m */ = {isa = PBXFileReference; fileEncoding = 4; lastKnownFileType = sourcecode.c.objc; path = Flight.m; sourceTree = "<group>"; };
		807F2FAF144A033D008EF06A /* Weather.h */ = {isa = PBXFileReference; fileEncoding = 4; lastKnownFileType = sourcecode.c.h; path = Weather.h; sourceTree = "<group>"; };
		807F2FB0144A033D008EF06A /* Weather.m */ = {isa = PBXFileReference; fileEncoding = 4; lastKnownFileType = sourcecode.c.objc; path = Weather.m; sourceTree = "<group>"; };
		807F2FB1144A033D008EF06A /* Weather.xib */ = {isa = PBXFileReference; fileEncoding = 4; lastKnownFileType = file.xib; path = Weather.xib; sourceTree = "<group>"; };
		80896F9414C159D40061D802 /* FlightMain.h */ = {isa = PBXFileReference; fileEncoding = 4; lastKnownFileType = sourcecode.c.h; path = FlightMain.h; sourceTree = "<group>"; };
		80896F9514C159D40061D802 /* FlightMain.m */ = {isa = PBXFileReference; fileEncoding = 4; lastKnownFileType = sourcecode.c.objc; path = FlightMain.m; sourceTree = "<group>"; };
		80896F9614C159D40061D802 /* FlightMain.xib */ = {isa = PBXFileReference; fileEncoding = 4; lastKnownFileType = file.xib; path = FlightMain.xib; sourceTree = "<group>"; };
		809A63AB144984EA006AFFFB /* pouhnmk_logo_white.png */ = {isa = PBXFileReference; lastKnownFileType = image.png; path = pouhnmk_logo_white.png; sourceTree = "<group>"; };
		80C06ABC1448AC7600169599 /* UIKit.framework */ = {isa = PBXFileReference; lastKnownFileType = wrapper.framework; name = UIKit.framework; path = System/Library/Frameworks/UIKit.framework; sourceTree = SDKROOT; };
		80C06ABE1448AC7C00169599 /* Foundation.framework */ = {isa = PBXFileReference; lastKnownFileType = wrapper.framework; name = Foundation.framework; path = System/Library/Frameworks/Foundation.framework; sourceTree = SDKROOT; };
		80C06AC01448AC8200169599 /* CoreGraphics.framework */ = {isa = PBXFileReference; lastKnownFileType = wrapper.framework; name = CoreGraphics.framework; path = System/Library/Frameworks/CoreGraphics.framework; sourceTree = SDKROOT; };
		80DD3AA214B8BF2D00E9E19B /* CListParser.h */ = {isa = PBXFileReference; fileEncoding = 4; lastKnownFileType = sourcecode.c.h; path = CListParser.h; sourceTree = "<group>"; };
		80DD3AA314B8BF2D00E9E19B /* CListParser.m */ = {isa = PBXFileReference; fileEncoding = 4; lastKnownFileType = sourcecode.c.objc; path = CListParser.m; sourceTree = "<group>"; };
		80DD3AA414B8BF2D00E9E19B /* VisaParser.h */ = {isa = PBXFileReference; fileEncoding = 4; lastKnownFileType = sourcecode.c.h; path = VisaParser.h; sourceTree = "<group>"; };
		80DD3AA514B8BF2D00E9E19B /* VisaParser.m */ = {isa = PBXFileReference; fileEncoding = 4; lastKnownFileType = sourcecode.c.objc; path = VisaParser.m; sourceTree = "<group>"; };
		80DD3AA914B8BF5C00E9E19B /* Country.h */ = {isa = PBXFileReference; fileEncoding = 4; lastKnownFileType = sourcecode.c.h; path = Country.h; sourceTree = "<group>"; };
		80DD3AAA14B8BF5C00E9E19B /* Country.m */ = {isa = PBXFileReference; fileEncoding = 4; lastKnownFileType = sourcecode.c.objc; path = Country.m; sourceTree = "<group>"; };
		80DD3AAB14B8BF5C00E9E19B /* Visa.h */ = {isa = PBXFileReference; fileEncoding = 4; lastKnownFileType = sourcecode.c.h; path = Visa.h; sourceTree = "<group>"; };
		80DD3AAC14B8BF5C00E9E19B /* Visa.m */ = {isa = PBXFileReference; fileEncoding = 4; lastKnownFileType = sourcecode.c.objc; path = Visa.m; sourceTree = "<group>"; };
		80F2A0AA143EB3BA007D0D79 /* Boarding.app */ = {isa = PBXFileReference; explicitFileType = wrapper.application; includeInIndex = 0; path = Boarding.app; sourceTree = BUILT_PRODUCTS_DIR; };
		80F2A0B6143EB3BA007D0D79 /* KeunKruang-Info.plist */ = {isa = PBXFileReference; lastKnownFileType = text.plist.xml; path = "KeunKruang-Info.plist"; sourceTree = "<group>"; };
		80F2A0B8143EB3BA007D0D79 /* en */ = {isa = PBXFileReference; lastKnownFileType = text.plist.strings; name = en; path = en.lproj/InfoPlist.strings; sourceTree = "<group>"; };
		80F2A0BA143EB3BA007D0D79 /* main.m */ = {isa = PBXFileReference; lastKnownFileType = sourcecode.c.objc; path = main.m; sourceTree = "<group>"; };
		80F2A0BC143EB3BA007D0D79 /* KeunKruang-Prefix.pch */ = {isa = PBXFileReference; lastKnownFileType = sourcecode.c.h; path = "KeunKruang-Prefix.pch"; sourceTree = "<group>"; };
		80F2A0BD143EB3BA007D0D79 /* AppDelegate.h */ = {isa = PBXFileReference; lastKnownFileType = sourcecode.c.h; path = AppDelegate.h; sourceTree = "<group>"; };
		80F2A0BE143EB3BA007D0D79 /* AppDelegate.m */ = {isa = PBXFileReference; lastKnownFileType = sourcecode.c.objc; path = AppDelegate.m; sourceTree = "<group>"; };
		80F2A0C1143EB3BA007D0D79 /* en */ = {isa = PBXFileReference; lastKnownFileType = file.xib; name = en; path = en.lproj/MainWindow.xib; sourceTree = "<group>"; };
		80F2A0D5143EB410007D0D79 /* bg.png */ = {isa = PBXFileReference; lastKnownFileType = image.png; path = bg.png; sourceTree = "<group>"; };
		80F2A0D6143EB410007D0D79 /* bg.pxm */ = {isa = PBXFileReference; lastKnownFileType = file; path = bg.pxm; sourceTree = "<group>"; };
		80F2A0D7143EB410007D0D79 /* bg@2x.png */ = {isa = PBXFileReference; lastKnownFileType = image.png; path = "bg@2x.png"; sourceTree = "<group>"; };
		80F2A0D8143EB410007D0D79 /* bg@2x.pxm */ = {isa = PBXFileReference; lastKnownFileType = file; path = "bg@2x.pxm"; sourceTree = "<group>"; };
		80F500AF14B8C077002D402F /* VisaDetail.h */ = {isa = PBXFileReference; fileEncoding = 4; lastKnownFileType = sourcecode.c.h; path = VisaDetail.h; sourceTree = "<group>"; };
		80F500B014B8C077002D402F /* VisaDetail.m */ = {isa = PBXFileReference; fileEncoding = 4; lastKnownFileType = sourcecode.c.objc; path = VisaDetail.m; sourceTree = "<group>"; };
		80F500B114B8C077002D402F /* VisaDetail.xib */ = {isa = PBXFileReference; fileEncoding = 4; lastKnownFileType = file.xib; path = VisaDetail.xib; sourceTree = "<group>"; };
		80F500B214B8C077002D402F /* VisaMain.h */ = {isa = PBXFileReference; fileEncoding = 4; lastKnownFileType = sourcecode.c.h; path = VisaMain.h; sourceTree = "<group>"; };
		80F500B314B8C077002D402F /* VisaMain.m */ = {isa = PBXFileReference; fileEncoding = 4; lastKnownFileType = sourcecode.c.objc; path = VisaMain.m; sourceTree = "<group>"; };
		80F500B414B8C077002D402F /* VisaMain.xib */ = {isa = PBXFileReference; fileEncoding = 4; lastKnownFileType = file.xib; path = VisaMain.xib; sourceTree = "<group>"; };
/* End PBXFileReference section */

/* Begin PBXFrameworksBuildPhase section */
		80F2A0A7143EB3BA007D0D79 /* Frameworks */ = {
			isa = PBXFrameworksBuildPhase;
			buildActionMask = 2147483647;
			files = (
				8052A86F1468340300254242 /* SystemConfiguration.framework in Frameworks */,
				800E1610144F279F00571CBD /* libsqlite3.0.dylib in Frameworks */,
				80C06AC11448AC8200169599 /* CoreGraphics.framework in Frameworks */,
				80C06ABF1448AC7C00169599 /* Foundation.framework in Frameworks */,
				80C06ABD1448AC7600169599 /* UIKit.framework in Frameworks */,
			);
			runOnlyForDeploymentPostprocessing = 0;
		};
/* End PBXFrameworksBuildPhase section */

/* Begin PBXGroup section */
		800E1626144F37EC00571CBD /* Passport */ = {
			isa = PBXGroup;
			children = (
				800E1611144F27CF00571CBD /* Passport.h */,
				800E1612144F27CF00571CBD /* Passport.m */,
				800E1619144F2EEB00571CBD /* Passport_view.h */,
				800E161A144F2EEB00571CBD /* Passport_view.m */,
				800E161B144F2EEB00571CBD /* Passport_view.xib */,
				8014C08C147CE14200D16D61 /* addPassport.h */,
				8014C08D147CE14200D16D61 /* addPassport.m */,
				8014C08E147CE14200D16D61 /* addPassport.xib */,
			);
			name = Passport;
			sourceTree = "<group>";
		};
		801D4D94143F563E005C0F5D /* tips */ = {
			isa = PBXGroup;
			children = (
			);
			name = tips;
			sourceTree = "<group>";
		};
		804078331448B482006F8A40 /* More */ = {
			isa = PBXGroup;
			children = (
				80F500BB14B8CE58002D402F /* Luggage */,
				80F500BA14B8CE49002D402F /* Document */,
				80DD3A9F14B8BF0100E9E19B /* Visa */,
				804078341448B49B006F8A40 /* About.h */,
				804078351448B49B006F8A40 /* About.m */,
				804078361448B49B006F8A40 /* About.xib */,
				804C743814498FFE00251269 /* More.h */,
				804C743914498FFE00251269 /* More.m */,
				804C743A14498FFE00251269 /* More.xib */,
				800597301449F43C00302B9B /* Currency.h */,
				800597311449F43C00302B9B /* Currency.m */,
				800597321449F43C00302B9B /* Currency.xib */,
				807F2FAF144A033D008EF06A /* Weather.h */,
				807F2FB0144A033D008EF06A /* Weather.m */,
				807F2FB1144A033D008EF06A /* Weather.xib */,
			);
			name = More;
			sourceTree = "<group>";
		};
		804FD97F14BA1F7E009DCC4F /* LuggageParser */ = {
			isa = PBXGroup;
			children = (
				804FD98014BA1FC1009DCC4F /* Luggage.h */,
				804FD98114BA1FC1009DCC4F /* Luggage.m */,
				804FD98314BA206D009DCC4F /* LuggageParser.h */,
				804FD98414BA206D009DCC4F /* LuggageParser.m */,
			);
			name = LuggageParser;
			sourceTree = "<group>";
		};
		806F9FAB143ECE5F00AC2A32 /* tabbar */ = {
			isa = PBXGroup;
			children = (
				804C74231449855600251269 /* flight.png */,
				804C74241449855600251269 /* flight@2x.png */,
				804C74251449855600251269 /* more.png */,
				804C74261449855600251269 /* more@2x.png */,
				804C74271449855600251269 /* passport.png */,
				804C74281449855600251269 /* passport@2x.png */,
				804C74291449855600251269 /* tips.png */,
				804C742A1449855600251269 /* tips@2x.png */,
			);
			name = tabbar;
			sourceTree = "<group>";
		};
		80896F9214C159B40061D802 /* Flight */ = {
			isa = PBXGroup;
			children = (
				80896F9414C159D40061D802 /* FlightMain.h */,
				80896F9514C159D40061D802 /* FlightMain.m */,
				80896F9614C159D40061D802 /* FlightMain.xib */,
				8069691514C5D98100FCD886 /* Flight.h */,
				8069691614C5D98100FCD886 /* Flight.m */,
			);
			name = Flight;
			sourceTree = "<group>";
		};
		80DD3A9F14B8BF0100E9E19B /* Visa */ = {
			isa = PBXGroup;
			children = (
				80F500AF14B8C077002D402F /* VisaDetail.h */,
				80F500B014B8C077002D402F /* VisaDetail.m */,
				80F500B114B8C077002D402F /* VisaDetail.xib */,
				80F500B214B8C077002D402F /* VisaMain.h */,
				80F500B314B8C077002D402F /* VisaMain.m */,
				80F500B414B8C077002D402F /* VisaMain.xib */,
			);
			name = Visa;
			sourceTree = "<group>";
		};
		80DD3AA114B8BF0E00E9E19B /* Parser */ = {
			isa = PBXGroup;
			children = (
				80DD3AA214B8BF2D00E9E19B /* CListParser.h */,
				80DD3AA314B8BF2D00E9E19B /* CListParser.m */,
				80DD3AA914B8BF5C00E9E19B /* Country.h */,
				80DD3AAA14B8BF5C00E9E19B /* Country.m */,
				804FD97F14BA1F7E009DCC4F /* LuggageParser */,
				80DD3AA814B8BF3E00E9E19B /* VisaParser */,
			);
			name = Parser;
			sourceTree = "<group>";
		};
		80DD3AA814B8BF3E00E9E19B /* VisaParser */ = {
			isa = PBXGroup;
			children = (
				80DD3AAB14B8BF5C00E9E19B /* Visa.h */,
				80DD3AAC14B8BF5C00E9E19B /* Visa.m */,
				80DD3AA414B8BF2D00E9E19B /* VisaParser.h */,
				80DD3AA514B8BF2D00E9E19B /* VisaParser.m */,
			);
			name = VisaParser;
			sourceTree = "<group>";
		};
		80F2A09F143EB3BA007D0D79 = {
			isa = PBXGroup;
			children = (
				8052A86E1468340300254242 /* SystemConfiguration.framework */,
				800E160F144F279F00571CBD /* libsqlite3.0.dylib */,
				80F2A0B4143EB3BA007D0D79 /* KeunKruang */,
				80F2A0AD143EB3BA007D0D79 /* Frameworks */,
				80F2A0AB143EB3BA007D0D79 /* Products */,
			);
			sourceTree = "<group>";
		};
		80F2A0AB143EB3BA007D0D79 /* Products */ = {
			isa = PBXGroup;
			children = (
				80F2A0AA143EB3BA007D0D79 /* Boarding.app */,
			);
			name = Products;
			sourceTree = "<group>";
		};
		80F2A0AD143EB3BA007D0D79 /* Frameworks */ = {
			isa = PBXGroup;
			children = (
				80C06AC01448AC8200169599 /* CoreGraphics.framework */,
				80C06ABE1448AC7C00169599 /* Foundation.framework */,
				80C06ABC1448AC7600169599 /* UIKit.framework */,
			);
			name = Frameworks;
			sourceTree = "<group>";
		};
		80F2A0B4143EB3BA007D0D79 /* KeunKruang */ = {
			isa = PBXGroup;
			children = (
				8069691314C5D7B000FCD886 /* KeunKruang.db */,
				80896F9214C159B40061D802 /* Flight */,
				80F2A0BD143EB3BA007D0D79 /* AppDelegate.h */,
				8052A8711468347200254242 /* Reachability.h */,
				80F2A0BE143EB3BA007D0D79 /* AppDelegate.m */,
				8052A8721468347200254242 /* Reachability.m */,
				80F2A0D4143EB410007D0D79 /* img */,
				80F2A0C0143EB3BA007D0D79 /* MainWindow.xib */,
				804078331448B482006F8A40 /* More */,
				80DD3AA114B8BF0E00E9E19B /* Parser */,
				800E1626144F37EC00571CBD /* Passport */,
				80F2A0B5143EB3BA007D0D79 /* Supporting Files */,
				80F500BC14B8CE9D002D402F /* Tips */,
			);
			path = KeunKruang;
			sourceTree = "<group>";
		};
		80F2A0B5143EB3BA007D0D79 /* Supporting Files */ = {
			isa = PBXGroup;
			children = (
				80F2A0B6143EB3BA007D0D79 /* KeunKruang-Info.plist */,
				80F2A0B7143EB3BA007D0D79 /* InfoPlist.strings */,
				80F2A0BA143EB3BA007D0D79 /* main.m */,
				80F2A0BC143EB3BA007D0D79 /* KeunKruang-Prefix.pch */,
			);
			name = "Supporting Files";
			sourceTree = "<group>";
		};
		80F2A0D4143EB410007D0D79 /* img */ = {
			isa = PBXGroup;
			children = (
				8005972E1449F24100302B9B /* nectec_logo.jpg */,
				809A63AB144984EA006AFFFB /* pouhnmk_logo_white.png */,
				801D4D94143F563E005C0F5D /* tips */,
				806F9FAB143ECE5F00AC2A32 /* tabbar */,
				80F2A0D5143EB410007D0D79 /* bg.png */,
				80F2A0D6143EB410007D0D79 /* bg.pxm */,
				80F2A0D7143EB410007D0D79 /* bg@2x.png */,
				80F2A0D8143EB410007D0D79 /* bg@2x.pxm */,
			);
			name = img;
			path = ../img;
			sourceTree = "<group>";
		};
		80F500BA14B8CE49002D402F /* Document */ = {
			isa = PBXGroup;
			children = (
				804FD97414BA1A33009DCC4F /* DocumentMain.h */,
				804FD97514BA1A33009DCC4F /* DocumentMain.m */,
				804FD97614BA1A33009DCC4F /* DocumentMain.xib */,
				804FD97A14BA1C74009DCC4F /* DocumentView.h */,
				804FD97B14BA1C74009DCC4F /* DocumentView.m */,
				804FD97C14BA1C74009DCC4F /* DocumentView.xib */,
			);
			name = Document;
			sourceTree = "<group>";
		};
		80F500BB14B8CE58002D402F /* Luggage */ = {
			isa = PBXGroup;
			children = (
				801284DE14BCA65A0047976B /* LuggageMain.h */,
				801284DF14BCA65A0047976B /* LuggageMain.m */,
				801284E014BCA65A0047976B /* LuggageMain.xib */,
				801284E314BCA81B0047976B /* LuggageDetail.h */,
				801284E414BCA81B0047976B /* LuggageDetail.m */,
				801284E514BCA81B0047976B /* LuggageDetail.xib */,
			);
			name = Luggage;
			sourceTree = "<group>";
		};
		80F500BC14B8CE9D002D402F /* Tips */ = {
			isa = PBXGroup;
			children = (
				804A3C1F14488624002FCEDC /* Tips.h */,
				804A3C2014488624002FCEDC /* Tips.m */,
				804A3C2114488624002FCEDC /* Tips.xib */,
			);
			name = Tips;
			sourceTree = "<group>";
		};
/* End PBXGroup section */

/* Begin PBXNativeTarget section */
		80F2A0A9143EB3BA007D0D79 /* Boarding */ = {
			isa = PBXNativeTarget;
			buildConfigurationList = 80F2A0D1143EB3BB007D0D79 /* Build configuration list for PBXNativeTarget "Boarding" */;
			buildPhases = (
				80F2A0A6143EB3BA007D0D79 /* Sources */,
				80F2A0A7143EB3BA007D0D79 /* Frameworks */,
				80F2A0A8143EB3BA007D0D79 /* Resources */,
			);
			buildRules = (
			);
			dependencies = (
			);
			name = Boarding;
			productName = KeunKruang;
			productReference = 80F2A0AA143EB3BA007D0D79 /* Boarding.app */;
			productType = "com.apple.product-type.application";
		};
/* End PBXNativeTarget section */

/* Begin PBXProject section */
		80F2A0A1143EB3BA007D0D79 /* Project object */ = {
			isa = PBXProject;
			attributes = {
				LastUpgradeCheck = 0420;
				ORGANIZATIONNAME = "Chulalongkorn University";
			};
			buildConfigurationList = 80F2A0A4143EB3BA007D0D79 /* Build configuration list for PBXProject "KeunKruang" */;
			compatibilityVersion = "Xcode 3.2";
			developmentRegion = English;
			hasScannedForEncodings = 0;
			knownRegions = (
				en,
			);
			mainGroup = 80F2A09F143EB3BA007D0D79;
			productRefGroup = 80F2A0AB143EB3BA007D0D79 /* Products */;
			projectDirPath = "";
			projectRoot = "";
			targets = (
				80F2A0A9143EB3BA007D0D79 /* Boarding */,
			);
		};
/* End PBXProject section */

/* Begin PBXResourcesBuildPhase section */
		80F2A0A8143EB3BA007D0D79 /* Resources */ = {
			isa = PBXResourcesBuildPhase;
			buildActionMask = 2147483647;
			files = (
				80F2A0B9143EB3BA007D0D79 /* InfoPlist.strings in Resources */,
				80F2A0C2143EB3BA007D0D79 /* MainWindow.xib in Resources */,
				80F2A0D9143EB410007D0D79 /* bg.png in Resources */,
				80F2A0DA143EB410007D0D79 /* bg.pxm in Resources */,
				80F2A0DB143EB410007D0D79 /* bg@2x.png in Resources */,
				80F2A0DC143EB410007D0D79 /* bg@2x.pxm in Resources */,
				804A3C2314488624002FCEDC /* Tips.xib in Resources */,
				804078381448B49B006F8A40 /* About.xib in Resources */,
				809A63AD144984EA006AFFFB /* pouhnmk_logo_white.png in Resources */,
				804C742B1449855600251269 /* flight.png in Resources */,
				804C742C1449855600251269 /* flight@2x.png in Resources */,
				804C742D1449855600251269 /* more.png in Resources */,
				804C742E1449855600251269 /* more@2x.png in Resources */,
				804C742F1449855600251269 /* passport.png in Resources */,
				804C74301449855600251269 /* passport@2x.png in Resources */,
				804C74311449855600251269 /* tips.png in Resources */,
				804C74321449855600251269 /* tips@2x.png in Resources */,
				804C743C14498FFE00251269 /* More.xib in Resources */,
				8005972F1449F24100302B9B /* nectec_logo.jpg in Resources */,
				800597341449F43C00302B9B /* Currency.xib in Resources */,
				807F2FB3144A033D008EF06A /* Weather.xib in Resources */,
				800E161D144F2EEB00571CBD /* Passport_view.xib in Resources */,
				8014C090147CE14200D16D61 /* addPassport.xib in Resources */,
				80F500B614B8C077002D402F /* VisaDetail.xib in Resources */,
				80F500B814B8C077002D402F /* VisaMain.xib in Resources */,
				804FD97814BA1A33009DCC4F /* DocumentMain.xib in Resources */,
				804FD97E14BA1C74009DCC4F /* DocumentView.xib in Resources */,
				801284E214BCA65A0047976B /* LuggageMain.xib in Resources */,
				801284E714BCA81B0047976B /* LuggageDetail.xib in Resources */,
				80896F9814C159D40061D802 /* FlightMain.xib in Resources */,
				8069691414C5D7B000FCD886 /* KeunKruang.db in Resources */,
			);
			runOnlyForDeploymentPostprocessing = 0;
		};
/* End PBXResourcesBuildPhase section */

/* Begin PBXSourcesBuildPhase section */
		80F2A0A6143EB3BA007D0D79 /* Sources */ = {
			isa = PBXSourcesBuildPhase;
			buildActionMask = 2147483647;
			files = (
				80F2A0BB143EB3BA007D0D79 /* main.m in Sources */,
				80F2A0BF143EB3BA007D0D79 /* AppDelegate.m in Sources */,
				804A3C2214488624002FCEDC /* Tips.m in Sources */,
				804078371448B49B006F8A40 /* About.m in Sources */,
				804C743B14498FFE00251269 /* More.m in Sources */,
				800597331449F43C00302B9B /* Currency.m in Sources */,
				807F2FB2144A033D008EF06A /* Weather.m in Sources */,
				800E1613144F27CF00571CBD /* Passport.m in Sources */,
				800E161C144F2EEB00571CBD /* Passport_view.m in Sources */,
				8052A8731468347200254242 /* Reachability.m in Sources */,
				8014C08F147CE14200D16D61 /* addPassport.m in Sources */,
				80DD3AA614B8BF2D00E9E19B /* CListParser.m in Sources */,
				80DD3AA714B8BF2D00E9E19B /* VisaParser.m in Sources */,
				80DD3AAD14B8BF5C00E9E19B /* Country.m in Sources */,
				80DD3AAE14B8BF5C00E9E19B /* Visa.m in Sources */,
				80F500B514B8C077002D402F /* VisaDetail.m in Sources */,
				80F500B714B8C077002D402F /* VisaMain.m in Sources */,
				804FD97714BA1A33009DCC4F /* DocumentMain.m in Sources */,
				804FD97D14BA1C74009DCC4F /* DocumentView.m in Sources */,
				804FD98214BA1FC1009DCC4F /* Luggage.m in Sources */,
				804FD98514BA206D009DCC4F /* LuggageParser.m in Sources */,
				801284E114BCA65A0047976B /* LuggageMain.m in Sources */,
				801284E614BCA81B0047976B /* LuggageDetail.m in Sources */,
				80896F9714C159D40061D802 /* FlightMain.m in Sources */,
				8069691714C5D98100FCD886 /* Flight.m in Sources */,
			);
			runOnlyForDeploymentPostprocessing = 0;
		};
/* End PBXSourcesBuildPhase section */

/* Begin PBXVariantGroup section */
		80F2A0B7143EB3BA007D0D79 /* InfoPlist.strings */ = {
			isa = PBXVariantGroup;
			children = (
				80F2A0B8143EB3BA007D0D79 /* en */,
			);
			name = InfoPlist.strings;
			sourceTree = "<group>";
		};
		80F2A0C0143EB3BA007D0D79 /* MainWindow.xib */ = {
			isa = PBXVariantGroup;
			children = (
				80F2A0C1143EB3BA007D0D79 /* en */,
			);
			name = MainWindow.xib;
			sourceTree = "<group>";
		};
/* End PBXVariantGroup section */

/* Begin XCBuildConfiguration section */
		80F2A0CF143EB3BB007D0D79 /* Debug */ = {
			isa = XCBuildConfiguration;
			buildSettings = {
				ALWAYS_SEARCH_USER_PATHS = NO;
				ARCHS = "$(ARCHS_STANDARD_32_BIT)";
				"CODE_SIGN_IDENTITY[sdk=iphoneos*]" = "iPhone Developer";
				COPY_PHASE_STRIP = NO;
				GCC_C_LANGUAGE_STANDARD = gnu99;
				GCC_DYNAMIC_NO_PIC = NO;
				GCC_OPTIMIZATION_LEVEL = 0;
				GCC_PREPROCESSOR_DEFINITIONS = (
					"DEBUG=1",
					"$(inherited)",
				);
				GCC_SYMBOLS_PRIVATE_EXTERN = NO;
				GCC_VERSION = com.apple.compilers.llvmgcc42;
				GCC_WARN_ABOUT_MISSING_PROTOTYPES = YES;
				GCC_WARN_ABOUT_RETURN_TYPE = YES;
				GCC_WARN_UNUSED_VARIABLE = YES;
				IPHONEOS_DEPLOYMENT_TARGET = 4.3;
				SDKROOT = iphoneos;
			};
			name = Debug;
		};
		80F2A0D0143EB3BB007D0D79 /* Release */ = {
			isa = XCBuildConfiguration;
			buildSettings = {
				ALWAYS_SEARCH_USER_PATHS = NO;
				ARCHS = "$(ARCHS_STANDARD_32_BIT)";
				"CODE_SIGN_IDENTITY[sdk=iphoneos*]" = "iPhone Developer";
				COPY_PHASE_STRIP = YES;
				GCC_C_LANGUAGE_STANDARD = gnu99;
				GCC_VERSION = com.apple.compilers.llvmgcc42;
				GCC_WARN_ABOUT_MISSING_PROTOTYPES = YES;
				GCC_WARN_ABOUT_RETURN_TYPE = YES;
				GCC_WARN_UNUSED_VARIABLE = YES;
				IPHONEOS_DEPLOYMENT_TARGET = 4.3;
				OTHER_CFLAGS = "-DNS_BLOCK_ASSERTIONS=1";
				SDKROOT = iphoneos;
				VALIDATE_PRODUCT = YES;
			};
			name = Release;
		};
		80F2A0D2143EB3BB007D0D79 /* Debug */ = {
			isa = XCBuildConfiguration;
			buildSettings = {
				FRAMEWORK_SEARCH_PATHS = (
					"$(inherited)",
					"\"$(DEVELOPER_FRAMEWORKS_DIR)\"",
				);
				GCC_PRECOMPILE_PREFIX_HEADER = YES;
				GCC_PREFIX_HEADER = "KeunKruang/KeunKruang-Prefix.pch";
				GCC_VERSION = com.apple.compilers.llvm.clang.1_0;
				INFOPLIST_FILE = "KeunKruang/KeunKruang-Info.plist";
				PRODUCT_NAME = "$(TARGET_NAME)";
				SDKROOT = iphoneos;
				TARGETED_DEVICE_FAMILY = 1;
				WRAPPER_EXTENSION = app;
			};
			name = Debug;
		};
		80F2A0D3143EB3BB007D0D79 /* Release */ = {
			isa = XCBuildConfiguration;
			buildSettings = {
				FRAMEWORK_SEARCH_PATHS = (
					"$(inherited)",
					"\"$(DEVELOPER_FRAMEWORKS_DIR)\"",
				);
				GCC_PRECOMPILE_PREFIX_HEADER = YES;
				GCC_PREFIX_HEADER = "KeunKruang/KeunKruang-Prefix.pch";
				GCC_VERSION = com.apple.compilers.llvm.clang.1_0;
				INFOPLIST_FILE = "KeunKruang/KeunKruang-Info.plist";
				PRODUCT_NAME = "$(TARGET_NAME)";
				SDKROOT = iphoneos;
				TARGETED_DEVICE_FAMILY = 1;
				WRAPPER_EXTENSION = app;
			};
			name = Release;
		};
/* End XCBuildConfiguration section */

/* Begin XCConfigurationList section */
		80F2A0A4143EB3BA007D0D79 /* Build configuration list for PBXProject "KeunKruang" */ = {
			isa = XCConfigurationList;
			buildConfigurations = (
				80F2A0CF143EB3BB007D0D79 /* Debug */,
				80F2A0D0143EB3BB007D0D79 /* Release */,
			);
			defaultConfigurationIsVisible = 0;
			defaultConfigurationName = Release;
		};
		80F2A0D1143EB3BB007D0D79 /* Build configuration list for PBXNativeTarget "Boarding" */ = {
			isa = XCConfigurationList;
			buildConfigurations = (
				80F2A0D2143EB3BB007D0D79 /* Debug */,
				80F2A0D3143EB3BB007D0D79 /* Release */,
			);
			defaultConfigurationIsVisible = 0;
			defaultConfigurationName = Release;
		};
/* End XCConfigurationList section */
	};
	rootObject = 80F2A0A1143EB3BA007D0D79 /* Project object */;
}
